# THIS IS AN AUTOGENERATED FILE. DO NOT EDIT THIS FILE DIRECTLY.
# yarn lockfile v1


hyperscript-helpers@^3.0.3:
  version "3.0.3"
  resolved "https://registry.yarnpkg.com/hyperscript-helpers/-/hyperscript-helpers-3.0.3.tgz#583ac45214c9ea810991feb97bdb37fc3d12a1e8"

mithril@^2.2.3:
  version "2.2.3"
  resolved "https://registry.yarnpkg.com/mithril/-/mithril-2.2.3.tgz#0e173f6c820b226f1cffc1a4a2f6e2b7144a43b1"
  integrity sha512-to8SZZ0rEw3eYbp61z++zT53kKLgrcOYUekb4u0FGIg7GK+222wXD4DvwFPTkK/MyFEGryv1eIGKmCNRoEAuCA==

un.js@^0.5.9:
  version "0.5.9"
  resolved "https://registry.yarnpkg.com/un.js/-/un.js-0.5.9.tgz#892076199843867e015760cf1491897d91e12fcf"
  integrity sha512-uS13MGvJlleNV/rBkyEH6igfvXQZH8PG6HPeVD6n9kKMFSHTpezqXaMyfDPc8aalshye6XDTsDwM/AY9ZinLYQ==
