# THIS IS AN AUTOGENERATED FILE. DO NOT EDIT THIS FILE DIRECTLY.
# yarn lockfile v1


hyperscript-helpers@^3.0.3:
  version "3.0.3"
  resolved "https://registry.yarnpkg.com/hyperscript-helpers/-/hyperscript-helpers-3.0.3.tgz#583ac45214c9ea810991feb97bdb37fc3d12a1e8"

mithril@^2.2.4:
  version "2.3.2"
  resolved "https://registry.yarnpkg.com/mithril/-/mithril-2.3.2.tgz#d203499755d9d082cead08de399ef79d77337fb8"
  integrity sha512-5FbFCbAaYSP4+ipaLAX10qJ6jKx6c4QrTQUGabBB8doH8PRcXV/Yd1lI+azu3TBuY6W2Evw0DuJtJJALLv3gQA==

un.js@^0.5.9:
  version "0.5.9"
  resolved "https://registry.yarnpkg.com/un.js/-/un.js-0.5.9.tgz#892076199843867e015760cf1491897d91e12fcf"
  integrity sha512-uS13MGvJlleNV/rBkyEH6igfvXQZH8PG6HPeVD6n9kKMFSHTpezqXaMyfDPc8aalshye6XDTsDwM/AY9ZinLYQ==
